
Microsoft Visual Studio Solution File, Format Version 12.00
# Visual Studio Version 17
VisualStudioVersion = 17.5.33516.290
MinimumVisualStudioVersion = 10.0.40219.1
Project("{9A19103F-16F7-4668-BE54-9A1E7A4F7556}") = "TeacherOnline", "TeacherOnline\TeacherOnline.csproj", "{20723261-D8A7-43C6-9C19-945C48458C56}"
	ProjectSection(ProjectDependencies) = postProject
		{022FB079-A8B2-4C40-A8F2-A2C5E5D88BAA} = {022FB079-A8B2-4C40-A8F2-A2C5E5D88BAA}
		{D0360758-C079-4313-B916-1C442269FEB1} = {D0360758-C079-4313-B916-1C442269FEB1}
		{FA81CE88-15EF-4473-B7D0-89B609D6DFA6} = {FA81CE88-15EF-4473-B7D0-89B609D6DFA6}
	EndProjectSection
EndProject
Project("{9A19103F-16F7-4668-BE54-9A1E7A4F7556}") = "TeacherOnline.BLL", "TeacherOnline.BLL\TeacherOnline.BLL.csproj", "{022FB079-A8B2-4C40-A8F2-A2C5E5D88BAA}"
EndProject
Project("{9A19103F-16F7-4668-BE54-9A1E7A4F7556}") = "TeacherOnline.DAL", "TeacherOnline.DAL\TeacherOnline.DAL.csproj", "{FA81CE88-15EF-4473-B7D0-89B609D6DFA6}"
EndProject
Project("{9A19103F-16F7-4668-BE54-9A1E7A4F7556}") = "TeacherOnline.DTO", "TeacherOnline.DTO\TeacherOnline.DTO.csproj", "{D0360758-C079-4313-B916-1C442269FEB1}"
EndProject
Project("{FAE04EC0-301F-11D3-BF4B-00C04F79EFBC}") = "olddb", "olddb\olddb.csproj", "{9834E976-88E6-46E2-8118-2845ECFA8A8A}"
EndProject
Global
	GlobalSection(SolutionConfigurationPlatforms) = preSolution
		Debug|Any CPU = Debug|Any CPU
		Release|Any CPU = Release|Any CPU
	EndGlobalSection
	GlobalSection(ProjectConfigurationPlatforms) = postSolution
		{20723261-D8A7-43C6-9C19-945C48458C56}.Debug|Any CPU.ActiveCfg = Debug|Any CPU
		{20723261-D8A7-43C6-9C19-945C48458C56}.Debug|Any CPU.Build.0 = Debug|Any CPU
		{20723261-D8A7-43C6-9C19-945C48458C56}.Release|Any CPU.ActiveCfg = Release|Any CPU
		{20723261-D8A7-43C6-9C19-945C48458C56}.Release|Any CPU.Build.0 = Release|Any CPU
		{022FB079-A8B2-4C40-A8F2-A2C5E5D88BAA}.Debug|Any CPU.ActiveCfg = Debug|Any CPU
		{022FB079-A8B2-4C40-A8F2-A2C5E5D88BAA}.Debug|Any CPU.Build.0 = Debug|Any CPU
		{022FB079-A8B2-4C40-A8F2-A2C5E5D88BAA}.Release|Any CPU.ActiveCfg = Release|Any CPU
		{022FB079-A8B2-4C40-A8F2-A2C5E5D88BAA}.Release|Any CPU.Build.0 = Release|Any CPU
		{FA81CE88-15EF-4473-B7D0-89B609D6DFA6}.Debug|Any CPU.ActiveCfg = Debug|Any CPU
		{FA81CE88-15EF-4473-B7D0-89B609D6DFA6}.Debug|Any CPU.Build.0 = Debug|Any CPU
		{FA81CE88-15EF-4473-B7D0-89B609D6DFA6}.Release|Any CPU.ActiveCfg = Release|Any CPU
		{FA81CE88-15EF-4473-B7D0-89B609D6DFA6}.Release|Any CPU.Build.0 = Release|Any CPU
		{D0360758-C079-4313-B916-1C442269FEB1}.Debug|Any CPU.ActiveCfg = Debug|Any CPU
		{D0360758-C079-4313-B916-1C442269FEB1}.Debug|Any CPU.Build.0 = Debug|Any CPU
		{D0360758-C079-4313-B916-1C442269FEB1}.Release|Any CPU.ActiveCfg = Release|Any CPU
		{D0360758-C079-4313-B916-1C442269FEB1}.Release|Any CPU.Build.0 = Release|Any CPU
		{9834E976-88E6-46E2-8118-2845ECFA8A8A}.Debug|Any CPU.ActiveCfg = Debug|Any CPU
		{9834E976-88E6-46E2-8118-2845ECFA8A8A}.Debug|Any CPU.Build.0 = Debug|Any CPU
		{9834E976-88E6-46E2-8118-2845ECFA8A8A}.Release|Any CPU.ActiveCfg = Release|Any CPU
		{9834E976-88E6-46E2-8118-2845ECFA8A8A}.Release|Any CPU.Build.0 = Release|Any CPU
	EndGlobalSection
	GlobalSection(SolutionProperties) = preSolution
		HideSolutionNode = FALSE
	EndGlobalSection
	GlobalSection(ExtensibilityGlobals) = postSolution
		SolutionGuid = {E23ABE46-AB37-4ADB-A02D-7BE40159A76C}
	EndGlobalSection
EndGlobal
